// !$*UTF8*$!
{
	archiveVersion = 1;
	classes = {
	};
	objectVersion = 46;
	objects = {

/* Begin PBXBuildFile section */
		FA103C701DC0C582003205E4 /* AppDelegate.swift in Sources */ = {isa = PBXBuildFile; fileRef = FA103C6F1DC0C582003205E4 /* AppDelegate.swift */; };
		FA103C721DC0C582003205E4 /* UserListViewController.swift in Sources */ = {isa = PBXBuildFile; fileRef = FA103C711DC0C582003205E4 /* UserListViewController.swift */; };
		FA103C751DC0C582003205E4 /* Main.storyboard in Resources */ = {isa = PBXBuildFile; fileRef = FA103C731DC0C582003205E4 /* Main.storyboard */; };
		FA103C771DC0C582003205E4 /* Assets.xcassets in Resources */ = {isa = PBXBuildFile; fileRef = FA103C761DC0C582003205E4 /* Assets.xcassets */; };
		FA103C7A1DC0C583003205E4 /* LaunchScreen.storyboard in Resources */ = {isa = PBXBuildFile; fileRef = FA103C781DC0C583003205E4 /* LaunchScreen.storyboard */; };
		FA103C821DC0C5B8003205E4 /* Networking.swift in Sources */ = {isa = PBXBuildFile; fileRef = FA103C811DC0C5B8003205E4 /* Networking.swift */; };
		FA3C5C051DC0CB0E009E768C /* RxCocoa.framework in Frameworks */ = {isa = PBXBuildFile; fileRef = FA3C5C031DC0CB0E009E768C /* RxCocoa.framework */; };
		FA3C5C061DC0CB0E009E768C /* RxSwift.framework in Frameworks */ = {isa = PBXBuildFile; fileRef = FA3C5C041DC0CB0E009E768C /* RxSwift.framework */; };
		FA3C5C091DC0CEC4009E768C /* Result.framework in Frameworks */ = {isa = PBXBuildFile; fileRef = FA3C5C081DC0CEC4009E768C /* Result.framework */; };
		FA3C5C0B1DC0E8ED009E768C /* User.swift in Sources */ = {isa = PBXBuildFile; fileRef = FA3C5C0A1DC0E8ED009E768C /* User.swift */; };
		FA3C5C0D1DC1D128009E768C /* UserViewController.swift in Sources */ = {isa = PBXBuildFile; fileRef = FA3C5C0C1DC1D128009E768C /* UserViewController.swift */; };
		FAAE2C73203FBF170039D9E1 /* XibViewController.swift in Sources */ = {isa = PBXBuildFile; fileRef = FAAE2C71203FBF170039D9E1 /* XibViewController.swift */; };
		FAAE2C74203FBF170039D9E1 /* XibViewController.xib in Resources */ = {isa = PBXBuildFile; fileRef = FAAE2C72203FBF170039D9E1 /* XibViewController.xib */; };
		FAB24CA41E0802EA003C20DC /* JSON.framework in Frameworks */ = {isa = PBXBuildFile; fileRef = FAB24CA31E0802EA003C20DC /* JSON.framework */; };
		FAC51F681E08CEC70084D4EE /* Httpbin.swift in Sources */ = {isa = PBXBuildFile; fileRef = FAC51F671E08CEC70084D4EE /* Httpbin.swift */; };
/* End PBXBuildFile section */

/* Begin PBXFileReference section */
		FA103C6C1DC0C582003205E4 /* Playground.app */ = {isa = PBXFileReference; explicitFileType = wrapper.application; includeInIndex = 0; path = Playground.app; sourceTree = BUILT_PRODUCTS_DIR; };
		FA103C6F1DC0C582003205E4 /* AppDelegate.swift */ = {isa = PBXFileReference; lastKnownFileType = sourcecode.swift; path = AppDelegate.swift; sourceTree = "<group>"; };
		FA103C711DC0C582003205E4 /* UserListViewController.swift */ = {isa = PBXFileReference; lastKnownFileType = sourcecode.swift; path = UserListViewController.swift; sourceTree = "<group>"; };
		FA103C741DC0C582003205E4 /* Base */ = {isa = PBXFileReference; lastKnownFileType = file.storyboard; name = Base; path = Base.lproj/Main.storyboard; sourceTree = "<group>"; };
		FA103C761DC0C582003205E4 /* Assets.xcassets */ = {isa = PBXFileReference; lastKnownFileType = folder.assetcatalog; path = Assets.xcassets; sourceTree = "<group>"; };
		FA103C791DC0C583003205E4 /* Base */ = {isa = PBXFileReference; lastKnownFileType = file.storyboard; name = Base; path = Base.lproj/LaunchScreen.storyboard; sourceTree = "<group>"; };
		FA103C7B1DC0C583003205E4 /* Info.plist */ = {isa = PBXFileReference; lastKnownFileType = text.plist.xml; path = Info.plist; sourceTree = "<group>"; };
		FA103C811DC0C5B8003205E4 /* Networking.swift */ = {isa = PBXFileReference; fileEncoding = 4; lastKnownFileType = sourcecode.swift; path = Networking.swift; sourceTree = "<group>"; };
		FA3C5C031DC0CB0E009E768C /* RxCocoa.framework */ = {isa = PBXFileReference; lastKnownFileType = wrapper.framework; name = RxCocoa.framework; path = Carthage/Build/iOS/RxCocoa.framework; sourceTree = "<group>"; };
		FA3C5C041DC0CB0E009E768C /* RxSwift.framework */ = {isa = PBXFileReference; lastKnownFileType = wrapper.framework; name = RxSwift.framework; path = Carthage/Build/iOS/RxSwift.framework; sourceTree = "<group>"; };
		FA3C5C081DC0CEC4009E768C /* Result.framework */ = {isa = PBXFileReference; lastKnownFileType = wrapper.framework; name = Result.framework; path = Carthage/Build/iOS/Result.framework; sourceTree = "<group>"; };
		FA3C5C0A1DC0E8ED009E768C /* User.swift */ = {isa = PBXFileReference; fileEncoding = 4; lastKnownFileType = sourcecode.swift; path = User.swift; sourceTree = "<group>"; };
		FA3C5C0C1DC1D128009E768C /* UserViewController.swift */ = {isa = PBXFileReference; fileEncoding = 4; lastKnownFileType = sourcecode.swift; path = UserViewController.swift; sourceTree = "<group>"; };
		FAAE2C71203FBF170039D9E1 /* XibViewController.swift */ = {isa = PBXFileReference; lastKnownFileType = sourcecode.swift; path = XibViewController.swift; sourceTree = "<group>"; };
		FAAE2C72203FBF170039D9E1 /* XibViewController.xib */ = {isa = PBXFileReference; lastKnownFileType = file.xib; path = XibViewController.xib; sourceTree = "<group>"; };
		FAB24CA31E0802EA003C20DC /* JSON.framework */ = {isa = PBXFileReference; lastKnownFileType = wrapper.framework; name = JSON.framework; path = Carthage/Build/iOS/JSON.framework; sourceTree = "<group>"; };
		FAC51F671E08CEC70084D4EE /* Httpbin.swift */ = {isa = PBXFileReference; fileEncoding = 4; lastKnownFileType = sourcecode.swift; path = Httpbin.swift; sourceTree = "<group>"; };
/* End PBXFileReference section */

/* Begin PBXFrameworksBuildPhase section */
		FA103C691DC0C582003205E4 /* Frameworks */ = {
			isa = PBXFrameworksBuildPhase;
			buildActionMask = 2147483647;
			files = (
				FA3C5C051DC0CB0E009E768C /* RxCocoa.framework in Frameworks */,
				FA3C5C061DC0CB0E009E768C /* RxSwift.framework in Frameworks */,
				FA3C5C091DC0CEC4009E768C /* Result.framework in Frameworks */,
				FAB24CA41E0802EA003C20DC /* JSON.framework in Frameworks */,
			);
			runOnlyForDeploymentPostprocessing = 0;
		};
/* End PBXFrameworksBuildPhase section */

/* Begin PBXGroup section */
		FA103C631DC0C582003205E4 = {
			isa = PBXGroup;
			children = (
				FA103C6E1DC0C582003205E4 /* Playground */,
				FA103C6D1DC0C582003205E4 /* Products */,
				FA3C5C021DC0CB0D009E768C /* Frameworks */,
			);
			sourceTree = "<group>";
		};
		FA103C6D1DC0C582003205E4 /* Products */ = {
			isa = PBXGroup;
			children = (
				FA103C6C1DC0C582003205E4 /* Playground.app */,
			);
			name = Products;
			sourceTree = "<group>";
		};
		FA103C6E1DC0C582003205E4 /* Playground */ = {
			isa = PBXGroup;
			children = (
				FAAE2C71203FBF170039D9E1 /* XibViewController.swift */,
				FAAE2C72203FBF170039D9E1 /* XibViewController.xib */,
				FA103C6F1DC0C582003205E4 /* AppDelegate.swift */,
				FA103C711DC0C582003205E4 /* UserListViewController.swift */,
				FA103C731DC0C582003205E4 /* Main.storyboard */,
				FA103C761DC0C582003205E4 /* Assets.xcassets */,
				FA103C781DC0C583003205E4 /* LaunchScreen.storyboard */,
				FA103C7B1DC0C583003205E4 /* Info.plist */,
				FA103C811DC0C5B8003205E4 /* Networking.swift */,
				FA3C5C0A1DC0E8ED009E768C /* User.swift */,
				FA3C5C0C1DC1D128009E768C /* UserViewController.swift */,
				FAC51F671E08CEC70084D4EE /* Httpbin.swift */,
			);
			path = Playground;
			sourceTree = "<group>";
		};
		FA3C5C021DC0CB0D009E768C /* Frameworks */ = {
			isa = PBXGroup;
			children = (
				FAB24CA31E0802EA003C20DC /* JSON.framework */,
				FA3C5C081DC0CEC4009E768C /* Result.framework */,
				FA3C5C031DC0CB0E009E768C /* RxCocoa.framework */,
				FA3C5C041DC0CB0E009E768C /* RxSwift.framework */,
			);
			name = Frameworks;
			sourceTree = "<group>";
		};
/* End PBXGroup section */

/* Begin PBXNativeTarget section */
		FA103C6B1DC0C582003205E4 /* Playground */ = {
			isa = PBXNativeTarget;
			buildConfigurationList = FA103C7E1DC0C583003205E4 /* Build configuration list for PBXNativeTarget "Playground" */;
			buildPhases = (
				FA103C681DC0C582003205E4 /* Sources */,
				FA103C691DC0C582003205E4 /* Frameworks */,
				FA103C6A1DC0C582003205E4 /* Resources */,
				FA3C5C071DC0CB26009E768C /* ShellScript */,
			);
			buildRules = (
			);
			dependencies = (
			);
			name = Playground;
			productName = Playground;
			productReference = FA103C6C1DC0C582003205E4 /* Playground.app */;
			productType = "com.apple.product-type.application";
		};
/* End PBXNativeTarget section */

/* Begin PBXProject section */
		FA103C641DC0C582003205E4 /* Project object */ = {
			isa = PBXProject;
			attributes = {
				LastSwiftUpdateCheck = 0800;
				LastUpgradeCheck = 0920;
				ORGANIZATIONNAME = "kittinun-vantasin";
				TargetAttributes = {
					FA103C6B1DC0C582003205E4 = {
						CreatedOnToolsVersion = 8.0;
						ProvisioningStyle = Automatic;
					};
				};
			};
			buildConfigurationList = FA103C671DC0C582003205E4 /* Build configuration list for PBXProject "Playground" */;
			compatibilityVersion = "Xcode 3.2";
			developmentRegion = English;
			hasScannedForEncodings = 0;
			knownRegions = (
				en,
				Base,
			);
			mainGroup = FA103C631DC0C582003205E4;
			productRefGroup = FA103C6D1DC0C582003205E4 /* Products */;
			projectDirPath = "";
			projectRoot = "";
			targets = (
				FA103C6B1DC0C582003205E4 /* Playground */,
			);
		};
/* End PBXProject section */

/* Begin PBXResourcesBuildPhase section */
		FA103C6A1DC0C582003205E4 /* Resources */ = {
			isa = PBXResourcesBuildPhase;
			buildActionMask = 2147483647;
			files = (
				FAAE2C74203FBF170039D9E1 /* XibViewController.xib in Resources */,
				FA103C7A1DC0C583003205E4 /* LaunchScreen.storyboard in Resources */,
				FA103C771DC0C582003205E4 /* Assets.xcassets in Resources */,
				FA103C751DC0C582003205E4 /* Main.storyboard in Resources */,
			);
			runOnlyForDeploymentPostprocessing = 0;
		};
/* End PBXResourcesBuildPhase section */

/* Begin PBXShellScriptBuildPhase section */
		FA3C5C071DC0CB26009E768C /* ShellScript */ = {
			isa = PBXShellScriptBuildPhase;
			buildActionMask = 2147483647;
			files = (
			);
			inputPaths = (
				"$(SRCROOT)/Carthage/Build/iOS/RxSwift.framework",
				"$(SRCROOT)/Carthage/Build/iOS/RxCocoa.framework",
				"$(SRCROOT)/Carthage/Build/iOS/Result.framework",
				"$(SRCROOT)/Carthage/Build/iOS/JSON.framework",
			);
			outputPaths = (
			);
			runOnlyForDeploymentPostprocessing = 0;
			shellPath = /bin/sh;
			shellScript = "/usr/local/bin/carthage copy-frameworks";
		};
/* End PBXShellScriptBuildPhase section */

/* Begin PBXSourcesBuildPhase section */
		FA103C681DC0C582003205E4 /* Sources */ = {
			isa = PBXSourcesBuildPhase;
			buildActionMask = 2147483647;
			files = (
				FA3C5C0B1DC0E8ED009E768C /* User.swift in Sources */,
				FA3C5C0D1DC1D128009E768C /* UserViewController.swift in Sources */,
				FAAE2C73203FBF170039D9E1 /* XibViewController.swift in Sources */,
				FA103C821DC0C5B8003205E4 /* Networking.swift in Sources */,
				FAC51F681E08CEC70084D4EE /* Httpbin.swift in Sources */,
				FA103C721DC0C582003205E4 /* UserListViewController.swift in Sources */,
				FA103C701DC0C582003205E4 /* AppDelegate.swift in Sources */,
			);
			runOnlyForDeploymentPostprocessing = 0;
		};
/* End PBXSourcesBuildPhase section */

/* Begin PBXVariantGroup section */
		FA103C731DC0C582003205E4 /* Main.storyboard */ = {
			isa = PBXVariantGroup;
			children = (
				FA103C741DC0C582003205E4 /* Base */,
			);
			name = Main.storyboard;
			sourceTree = "<group>";
		};
		FA103C781DC0C583003205E4 /* LaunchScreen.storyboard */ = {
			isa = PBXVariantGroup;
			children = (
				FA103C791DC0C583003205E4 /* Base */,
			);
			name = LaunchScreen.storyboard;
			sourceTree = "<group>";
		};
/* End PBXVariantGroup section */

/* Begin XCBuildConfiguration section */
		FA103C7C1DC0C583003205E4 /* Debug */ = {
			isa = XCBuildConfiguration;
			buildSettings = {
				ALWAYS_SEARCH_USER_PATHS = NO;
				CLANG_ANALYZER_NONNULL = YES;
				CLANG_CXX_LANGUAGE_STANDARD = "gnu++0x";
				CLANG_CXX_LIBRARY = "libc++";
				CLANG_ENABLE_MODULES = YES;
				CLANG_ENABLE_OBJC_ARC = YES;
				CLANG_WARN_BLOCK_CAPTURE_AUTORELEASING = YES;
				CLANG_WARN_BOOL_CONVERSION = YES;
				CLANG_WARN_COMMA = YES;
				CLANG_WARN_CONSTANT_CONVERSION = YES;
				CLANG_WARN_DIRECT_OBJC_ISA_USAGE = YES_ERROR;
				CLANG_WARN_DOCUMENTATION_COMMENTS = YES;
				CLANG_WARN_EMPTY_BODY = YES;
				CLANG_WARN_ENUM_CONVERSION = YES;
				CLANG_WARN_INFINITE_RECURSION = YES;
				CLANG_WARN_INT_CONVERSION = YES;
				CLANG_WARN_NON_LITERAL_NULL_CONVERSION = YES;
				CLANG_WARN_OBJC_LITERAL_CONVERSION = YES;
				CLANG_WARN_OBJC_ROOT_CLASS = YES_ERROR;
				CLANG_WARN_RANGE_LOOP_ANALYSIS = YES;
				CLANG_WARN_STRICT_PROTOTYPES = YES;
				CLANG_WARN_SUSPICIOUS_MOVE = YES;
				CLANG_WARN_SUSPICIOUS_MOVES = YES;
				CLANG_WARN_UNREACHABLE_CODE = YES;
				CLANG_WARN__DUPLICATE_METHOD_MATCH = YES;
				"CODE_SIGN_IDENTITY[sdk=iphoneos*]" = "iPhone Developer";
				COPY_PHASE_STRIP = NO;
				DEBUG_INFORMATION_FORMAT = dwarf;
				ENABLE_STRICT_OBJC_MSGSEND = YES;
				ENABLE_TESTABILITY = YES;
				GCC_C_LANGUAGE_STANDARD = gnu99;
				GCC_DYNAMIC_NO_PIC = NO;
				GCC_NO_COMMON_BLOCKS = YES;
				GCC_OPTIMIZATION_LEVEL = 0;
				GCC_PREPROCESSOR_DEFINITIONS = (
					"DEBUG=1",
					"$(inherited)",
				);
				GCC_WARN_64_TO_32_BIT_CONVERSION = YES;
				GCC_WARN_ABOUT_RETURN_TYPE = YES_ERROR;
				GCC_WARN_UNDECLARED_SELECTOR = YES;
				GCC_WARN_UNINITIALIZED_AUTOS = YES_AGGRESSIVE;
				GCC_WARN_UNUSED_FUNCTION = YES;
				GCC_WARN_UNUSED_VARIABLE = YES;
				IPHONEOS_DEPLOYMENT_TARGET = 10.0;
				MTL_ENABLE_DEBUG_INFO = YES;
				ONLY_ACTIVE_ARCH = YES;
				SDKROOT = iphoneos;
				SWIFT_ACTIVE_COMPILATION_CONDITIONS = DEBUG;
				SWIFT_OPTIMIZATION_LEVEL = "-Onone";
				TARGETED_DEVICE_FAMILY = "1,2";
			};
			name = Debug;
		};
		FA103C7D1DC0C583003205E4 /* Release */ = {
			isa = XCBuildConfiguration;
			buildSettings = {
				ALWAYS_SEARCH_USER_PATHS = NO;
				CLANG_ANALYZER_NONNULL = YES;
				CLANG_CXX_LANGUAGE_STANDARD = "gnu++0x";
				CLANG_CXX_LIBRARY = "libc++";
				CLANG_ENABLE_MODULES = YES;
				CLANG_ENABLE_OBJC_ARC = YES;
				CLANG_WARN_BLOCK_CAPTURE_AUTORELEASING = YES;
				CLANG_WARN_BOOL_CONVERSION = YES;
				CLANG_WARN_COMMA = YES;
				CLANG_WARN_CONSTANT_CONVERSION = YES;
				CLANG_WARN_DIRECT_OBJC_ISA_USAGE = YES_ERROR;
				CLANG_WARN_DOCUMENTATION_COMMENTS = YES;
				CLANG_WARN_EMPTY_BODY = YES;
				CLANG_WARN_ENUM_CONVERSION = YES;
				CLANG_WARN_INFINITE_RECURSION = YES;
				CLANG_WARN_INT_CONVERSION = YES;
				CLANG_WARN_NON_LITERAL_NULL_CONVERSION = YES;
				CLANG_WARN_OBJC_LITERAL_CONVERSION = YES;
				CLANG_WARN_OBJC_ROOT_CLASS = YES_ERROR;
				CLANG_WARN_RANGE_LOOP_ANALYSIS = YES;
				CLANG_WARN_STRICT_PROTOTYPES = YES;
				CLANG_WARN_SUSPICIOUS_MOVE = YES;
				CLANG_WARN_SUSPICIOUS_MOVES = YES;
				CLANG_WARN_UNREACHABLE_CODE = YES;
				CLANG_WARN__DUPLICATE_METHOD_MATCH = YES;
				"CODE_SIGN_IDENTITY[sdk=iphoneos*]" = "iPhone Developer";
				COPY_PHASE_STRIP = NO;
				DEBUG_INFORMATION_FORMAT = "dwarf-with-dsym";
				ENABLE_NS_ASSERTIONS = NO;
				ENABLE_STRICT_OBJC_MSGSEND = YES;
				GCC_C_LANGUAGE_STANDARD = gnu99;
				GCC_NO_COMMON_BLOCKS = YES;
				GCC_WARN_64_TO_32_BIT_CONVERSION = YES;
				GCC_WARN_ABOUT_RETURN_TYPE = YES_ERROR;
				GCC_WARN_UNDECLARED_SELECTOR = YES;
				GCC_WARN_UNINITIALIZED_AUTOS = YES_AGGRESSIVE;
				GCC_WARN_UNUSED_FUNCTION = YES;
				GCC_WARN_UNUSED_VARIABLE = YES;
				IPHONEOS_DEPLOYMENT_TARGET = 10.0;
				MTL_ENABLE_DEBUG_INFO = NO;
				SDKROOT = iphoneos;
				SWIFT_OPTIMIZATION_LEVEL = "-Owholemodule";
				TARGETED_DEVICE_FAMILY = "1,2";
				VALIDATE_PRODUCT = YES;
			};
			name = Release;
		};
		FA103C7F1DC0C583003205E4 /* Debug */ = {
			isa = XCBuildConfiguration;
			buildSettings = {
				ASSETCATALOG_COMPILER_APPICON_NAME = AppIcon;
				FRAMEWORK_SEARCH_PATHS = (
					"$(inherited)",
					"$(PROJECT_DIR)/Carthage/Build/iOS",
				);
				INFOPLIST_FILE = Playground/Info.plist;
				LD_RUNPATH_SEARCH_PATHS = "$(inherited) @executable_path/Frameworks";
				PRODUCT_BUNDLE_IDENTIFIER = com.github.kittinunf.ios.Playground;
				PRODUCT_NAME = "$(TARGET_NAME)";
				SWIFT_VERSION = 4.0;
			};
			name = Debug;
		};
		FA103C801DC0C583003205E4 /* Release */ = {
			isa = XCBuildConfiguration;
			buildSettings = {
				ASSETCATALOG_COMPILER_APPICON_NAME = AppIcon;
				FRAMEWORK_SEARCH_PATHS = (
					"$(inherited)",
					"$(PROJECT_DIR)/Carthage/Build/iOS",
				);
				INFOPLIST_FILE = Playground/Info.plist;
				LD_RUNPATH_SEARCH_PATHS = "$(inherited) @executable_path/Frameworks";
				PRODUCT_BUNDLE_IDENTIFIER = com.github.kittinunf.ios.Playground;
				PRODUCT_NAME = "$(TARGET_NAME)";
				SWIFT_VERSION = 4.0;
			};
			name = Release;
		};
/* End XCBuildConfiguration section */

/* Begin XCConfigurationList section */
		FA103C671DC0C582003205E4 /* Build configuration list for PBXProject "Playground" */ = {
			isa = XCConfigurationList;
			buildConfigurations = (
				FA103C7C1DC0C583003205E4 /* Debug */,
				FA103C7D1DC0C583003205E4 /* Release */,
			);
			defaultConfigurationIsVisible = 0;
			defaultConfigurationName = Release;
		};
		FA103C7E1DC0C583003205E4 /* Build configuration list for PBXNativeTarget "Playground" */ = {
			isa = XCConfigurationList;
			buildConfigurations = (
				FA103C7F1DC0C583003205E4 /* Debug */,
				FA103C801DC0C583003205E4 /* Release */,
			);
			defaultConfigurationIsVisible = 0;
			defaultConfigurationName = Release;
		};
/* End XCConfigurationList section */
	};
	rootObject = FA103C641DC0C582003205E4 /* Project object */;
}
